
Microsoft Visual Studio Solution File, Format Version 12.00
# Visual Studio 2013
VisualStudioVersion = 12.0.31101.0
MinimumVisualStudioVersion = 10.0.40219.1
Project("{FAE04EC0-301F-11D3-BF4B-00C04F79EFBC}") = "KoenigTechTest", "KoenigTechTest\KoenigTechTest.csproj", "{1201E18A-8CFB-4C25-8DB2-916E4B4178FB}"
EndProject
Project("{FAE04EC0-301F-11D3-BF4B-00C04F79EFBC}") = "DataAccessLayer", "DataAccessLayer\DataAccessLayer.csproj", "{EA8C50F2-DF0F-4E87-9442-C681E9EB8D3E}"
EndProject
Project("{FAE04EC0-301F-11D3-BF4B-00C04F79EFBC}") = "BusinessLayer", "BusinessLayer\BusinessLayer.csproj", "{D69C90C2-0032-4AB0-B152-62B5F4898A3E}"
EndProject
Global
	GlobalSection(SolutionConfigurationPlatforms) = preSolution
		Debug|Any CPU = Debug|Any CPU
		Release|Any CPU = Release|Any CPU
	EndGlobalSection
	GlobalSection(ProjectConfigurationPlatforms) = postSolution
		{1201E18A-8CFB-4C25-8DB2-916E4B4178FB}.Debug|Any CPU.ActiveCfg = Debug|Any CPU
		{1201E18A-8CFB-4C25-8DB2-916E4B4178FB}.Debug|Any CPU.Build.0 = Debug|Any CPU
		{1201E18A-8CFB-4C25-8DB2-916E4B4178FB}.Release|Any CPU.ActiveCfg = Release|Any CPU
		{1201E18A-8CFB-4C25-8DB2-916E4B4178FB}.Release|Any CPU.Build.0 = Release|Any CPU
		{EA8C50F2-DF0F-4E87-9442-C681E9EB8D3E}.Debug|Any CPU.ActiveCfg = Debug|Any CPU
		{EA8C50F2-DF0F-4E87-9442-C681E9EB8D3E}.Debug|Any CPU.Build.0 = Debug|Any CPU
		{EA8C50F2-DF0F-4E87-9442-C681E9EB8D3E}.Release|Any CPU.ActiveCfg = Release|Any CPU
		{EA8C50F2-DF0F-4E87-9442-C681E9EB8D3E}.Release|Any CPU.Build.0 = Release|Any CPU
		{D69C90C2-0032-4AB0-B152-62B5F4898A3E}.Debug|Any CPU.ActiveCfg = Debug|Any CPU
		{D69C90C2-0032-4AB0-B152-62B5F4898A3E}.Debug|Any CPU.Build.0 = Debug|Any CPU
		{D69C90C2-0032-4AB0-B152-62B5F4898A3E}.Release|Any CPU.ActiveCfg = Release|Any CPU
		{D69C90C2-0032-4AB0-B152-62B5F4898A3E}.Release|Any CPU.Build.0 = Release|Any CPU
	EndGlobalSection
	GlobalSection(SolutionProperties) = preSolution
		HideSolutionNode = FALSE
	EndGlobalSection
EndGlobal
